// !$*UTF8*$!
{
	archiveVersion = 1;
	classes = {
	};
	objectVersion = 46;
	objects = {

/* Begin PBXBuildFile section */
		D25452CB1C0F402300D2AA1A /* AppDelegate.swift in Sources */ = {isa = PBXBuildFile; fileRef = D25452CA1C0F402300D2AA1A /* AppDelegate.swift */; };
		D25452CD1C0F402300D2AA1A /* ViewController.swift in Sources */ = {isa = PBXBuildFile; fileRef = D25452CC1C0F402300D2AA1A /* ViewController.swift */; };
		D25452D01C0F402300D2AA1A /* Main.storyboard in Resources */ = {isa = PBXBuildFile; fileRef = D25452CE1C0F402300D2AA1A /* Main.storyboard */; };
		D25452D21C0F402300D2AA1A /* Assets.xcassets in Resources */ = {isa = PBXBuildFile; fileRef = D25452D11C0F402300D2AA1A /* Assets.xcassets */; };
		D25452D51C0F402300D2AA1A /* LaunchScreen.storyboard in Resources */ = {isa = PBXBuildFile; fileRef = D25452D31C0F402300D2AA1A /* LaunchScreen.storyboard */; };
		D25452DD1C0F409400D2AA1A /* SwiftyJSON.framework in Frameworks */ = {isa = PBXBuildFile; fileRef = D25452DC1C0F409400D2AA1A /* SwiftyJSON.framework */; };
		D25452DE1C0F409400D2AA1A /* SwiftyJSON.framework in Embed Frameworks */ = {isa = PBXBuildFile; fileRef = D25452DC1C0F409400D2AA1A /* SwiftyJSON.framework */; settings = {ATTRIBUTES = (CodeSignOnCopy, RemoveHeadersOnCopy, ); }; };
/* End PBXBuildFile section */

/* Begin PBXCopyFilesBuildPhase section */
		D25452DF1C0F409400D2AA1A /* Embed Frameworks */ = {
			isa = PBXCopyFilesBuildPhase;
			buildActionMask = 2147483647;
			dstPath = "";
			dstSubfolderSpec = 10;
			files = (
				D25452DE1C0F409400D2AA1A /* SwiftyJSON.framework in Embed Frameworks */,
			);
			name = "Embed Frameworks";
			runOnlyForDeploymentPostprocessing = 0;
		};
/* End PBXCopyFilesBuildPhase section */

/* Begin PBXFileReference section */
		D25452C71C0F402300D2AA1A /* hellogreenhouse.app */ = {isa = PBXFileReference; explicitFileType = wrapper.application; includeInIndex = 0; path = hellogreenhouse.app; sourceTree = BUILT_PRODUCTS_DIR; };
		D25452CA1C0F402300D2AA1A /* AppDelegate.swift */ = {isa = PBXFileReference; lastKnownFileType = sourcecode.swift; path = AppDelegate.swift; sourceTree = "<group>"; };
		D25452CC1C0F402300D2AA1A /* ViewController.swift */ = {isa = PBXFileReference; lastKnownFileType = sourcecode.swift; path = ViewController.swift; sourceTree = "<group>"; };
		D25452CF1C0F402300D2AA1A /* Base */ = {isa = PBXFileReference; lastKnownFileType = file.storyboard; name = Base; path = Base.lproj/Main.storyboard; sourceTree = "<group>"; };
		D25452D11C0F402300D2AA1A /* Assets.xcassets */ = {isa = PBXFileReference; lastKnownFileType = folder.assetcatalog; path = Assets.xcassets; sourceTree = "<group>"; };
		D25452D41C0F402300D2AA1A /* Base */ = {isa = PBXFileReference; lastKnownFileType = file.storyboard; name = Base; path = Base.lproj/LaunchScreen.storyboard; sourceTree = "<group>"; };
		D25452D61C0F402300D2AA1A /* Info.plist */ = {isa = PBXFileReference; lastKnownFileType = text.plist.xml; path = Info.plist; sourceTree = "<group>"; };
		D25452DC1C0F409400D2AA1A /* SwiftyJSON.framework */ = {isa = PBXFileReference; lastKnownFileType = wrapper.framework; name = SwiftyJSON.framework; path = Carthage/Build/iOS/SwiftyJSON.framework; sourceTree = "<group>"; };
/* End PBXFileReference section */

/* Begin PBXFrameworksBuildPhase section */
		D25452C41C0F402300D2AA1A /* Frameworks */ = {
			isa = PBXFrameworksBuildPhase;
			buildActionMask = 2147483647;
			files = (
				D25452DD1C0F409400D2AA1A /* SwiftyJSON.framework in Frameworks */,
			);
			runOnlyForDeploymentPostprocessing = 0;
		};
/* End PBXFrameworksBuildPhase section */

/* Begin PBXGroup section */
		D25452BE1C0F402300D2AA1A = {
			isa = PBXGroup;
			children = (
				D25452DC1C0F409400D2AA1A /* SwiftyJSON.framework */,
				D25452C91C0F402300D2AA1A /* hellogreenhouse */,
				D25452C81C0F402300D2AA1A /* Products */,
			);
			sourceTree = "<group>";
		};
		D25452C81C0F402300D2AA1A /* Products */ = {
			isa = PBXGroup;
			children = (
				D25452C71C0F402300D2AA1A /* hellogreenhouse.app */,
			);
			name = Products;
			sourceTree = "<group>";
		};
		D25452C91C0F402300D2AA1A /* hellogreenhouse */ = {
			isa = PBXGroup;
			children = (
				D25452CA1C0F402300D2AA1A /* AppDelegate.swift */,
				D25452CC1C0F402300D2AA1A /* ViewController.swift */,
				D25452CE1C0F402300D2AA1A /* Main.storyboard */,
				D25452D11C0F402300D2AA1A /* Assets.xcassets */,
				D25452D31C0F402300D2AA1A /* LaunchScreen.storyboard */,
				D25452D61C0F402300D2AA1A /* Info.plist */,
			);
			path = hellogreenhouse;
			sourceTree = "<group>";
		};
/* End PBXGroup section */

/* Begin PBXNativeTarget section */
		D25452C61C0F402300D2AA1A /* hellogreenhouse */ = {
			isa = PBXNativeTarget;
			buildConfigurationList = D25452D91C0F402300D2AA1A /* Build configuration list for PBXNativeTarget "hellogreenhouse" */;
			buildPhases = (
				D25452E11C0F410500D2AA1A /* ShellScript */,
				D25452C31C0F402300D2AA1A /* Sources */,
				D25452C41C0F402300D2AA1A /* Frameworks */,
				D25452C51C0F402300D2AA1A /* Resources */,
				D25452DF1C0F409400D2AA1A /* Embed Frameworks */,
				D25452E01C0F40C500D2AA1A /* ShellScript */,
			);
			buildRules = (
			);
			dependencies = (
			);
			name = hellogreenhouse;
			productName = hellogreenhouse;
			productReference = D25452C71C0F402300D2AA1A /* hellogreenhouse.app */;
			productType = "com.apple.product-type.application";
		};
/* End PBXNativeTarget section */

/* Begin PBXProject section */
		D25452BF1C0F402300D2AA1A /* Project object */ = {
			isa = PBXProject;
			attributes = {
				LastSwiftUpdateCheck = 0710;
				LastUpgradeCheck = 0710;
				ORGANIZATIONNAME = "Takeshi Kawai";
				TargetAttributes = {
					D25452C61C0F402300D2AA1A = {
						CreatedOnToolsVersion = 7.1.1;
					};
				};
			};
			buildConfigurationList = D25452C21C0F402300D2AA1A /* Build configuration list for PBXProject "hellogreenhouse" */;
			compatibilityVersion = "Xcode 3.2";
			developmentRegion = English;
			hasScannedForEncodings = 0;
			knownRegions = (
				en,
				Base,
			);
			mainGroup = D25452BE1C0F402300D2AA1A;
			productRefGroup = D25452C81C0F402300D2AA1A /* Products */;
			projectDirPath = "";
			projectRoot = "";
			targets = (
				D25452C61C0F402300D2AA1A /* hellogreenhouse */,
			);
		};
/* End PBXProject section */

/* Begin PBXResourcesBuildPhase section */
		D25452C51C0F402300D2AA1A /* Resources */ = {
			isa = PBXResourcesBuildPhase;
			buildActionMask = 2147483647;
			files = (
				D25452D51C0F402300D2AA1A /* LaunchScreen.storyboard in Resources */,
				D25452D21C0F402300D2AA1A /* Assets.xcassets in Resources */,
				D25452D01C0F402300D2AA1A /* Main.storyboard in Resources */,
			);
			runOnlyForDeploymentPostprocessing = 0;
		};
/* End PBXResourcesBuildPhase section */

/* Begin PBXShellScriptBuildPhase section */
		D25452E01C0F40C500D2AA1A /* ShellScript */ = {
			isa = PBXShellScriptBuildPhase;
			buildActionMask = 2147483647;
			files = (
			);
			inputPaths = (
				"$(SRCROOT)/Carthage/Build/iOS/SwiftyJSON.framework",
			);
			outputPaths = (
			);
			runOnlyForDeploymentPostprocessing = 0;
			shellPath = /bin/sh;
			shellScript = "/usr/local/bin/carthage copy-frameworks";
		};
		D25452E11C0F410500D2AA1A /* ShellScript */ = {
			isa = PBXShellScriptBuildPhase;
			buildActionMask = 2147483647;
			files = (
			);
			inputPaths = (
			);
			outputPaths = (
			);
			runOnlyForDeploymentPostprocessing = 0;
			shellPath = /bin/sh;
			shellScript = "/usr/local/bin/carthage update --platform iOS";
		};
/* End PBXShellScriptBuildPhase section */

/* Begin PBXSourcesBuildPhase section */
		D25452C31C0F402300D2AA1A /* Sources */ = {
			isa = PBXSourcesBuildPhase;
			buildActionMask = 2147483647;
			files = (
				D25452CD1C0F402300D2AA1A /* ViewController.swift in Sources */,
				D25452CB1C0F402300D2AA1A /* AppDelegate.swift in Sources */,
			);
			runOnlyForDeploymentPostprocessing = 0;
		};
/* End PBXSourcesBuildPhase section */

/* Begin PBXVariantGroup section */
		D25452CE1C0F402300D2AA1A /* Main.storyboard */ = {
			isa = PBXVariantGroup;
			children = (
				D25452CF1C0F402300D2AA1A /* Base */,
			);
			name = Main.storyboard;
			sourceTree = "<group>";
		};
		D25452D31C0F402300D2AA1A /* LaunchScreen.storyboard */ = {
			isa = PBXVariantGroup;
			children = (
				D25452D41C0F402300D2AA1A /* Base */,
			);
			name = LaunchScreen.storyboard;
			sourceTree = "<group>";
		};
/* End PBXVariantGroup section */

/* Begin XCBuildConfiguration section */
		D25452D71C0F402300D2AA1A /* Debug */ = {
			isa = XCBuildConfiguration;
			buildSettings = {
				ALWAYS_SEARCH_USER_PATHS = NO;
				CLANG_CXX_LANGUAGE_STANDARD = "gnu++0x";
				CLANG_CXX_LIBRARY = "libc++";
				CLANG_ENABLE_MODULES = YES;
				CLANG_ENABLE_OBJC_ARC = YES;
				CLANG_WARN_BOOL_CONVERSION = YES;
				CLANG_WARN_CONSTANT_CONVERSION = YES;
				CLANG_WARN_DIRECT_OBJC_ISA_USAGE = YES_ERROR;
				CLANG_WARN_EMPTY_BODY = YES;
				CLANG_WARN_ENUM_CONVERSION = YES;
				CLANG_WARN_INT_CONVERSION = YES;
				CLANG_WARN_OBJC_ROOT_CLASS = YES_ERROR;
				CLANG_WARN_UNREACHABLE_CODE = YES;
				CLANG_WARN__DUPLICATE_METHOD_MATCH = YES;
				"CODE_SIGN_IDENTITY[sdk=iphoneos*]" = "iPhone Developer";
				COPY_PHASE_STRIP = NO;
				DEBUG_INFORMATION_FORMAT = dwarf;
				ENABLE_STRICT_OBJC_MSGSEND = YES;
				ENABLE_TESTABILITY = YES;
				GCC_C_LANGUAGE_STANDARD = gnu99;
				GCC_DYNAMIC_NO_PIC = NO;
				GCC_NO_COMMON_BLOCKS = YES;
				GCC_OPTIMIZATION_LEVEL = 0;
				GCC_PREPROCESSOR_DEFINITIONS = (
					"DEBUG=1",
					"$(inherited)",
				);
				GCC_WARN_64_TO_32_BIT_CONVERSION = YES;
				GCC_WARN_ABOUT_RETURN_TYPE = YES_ERROR;
				GCC_WARN_UNDECLARED_SELECTOR = YES;
				GCC_WARN_UNINITIALIZED_AUTOS = YES_AGGRESSIVE;
				GCC_WARN_UNUSED_FUNCTION = YES;
				GCC_WARN_UNUSED_VARIABLE = YES;
				IPHONEOS_DEPLOYMENT_TARGET = 9.1;
				MTL_ENABLE_DEBUG_INFO = YES;
				ONLY_ACTIVE_ARCH = YES;
				SDKROOT = iphoneos;
				SWIFT_OPTIMIZATION_LEVEL = "-Onone";
			};
			name = Debug;
		};
		D25452D81C0F402300D2AA1A /* Release */ = {
			isa = XCBuildConfiguration;
			buildSettings = {
				ALWAYS_SEARCH_USER_PATHS = NO;
				CLANG_CXX_LANGUAGE_STANDARD = "gnu++0x";
				CLANG_CXX_LIBRARY = "libc++";
				CLANG_ENABLE_MODULES = YES;
				CLANG_ENABLE_OBJC_ARC = YES;
				CLANG_WARN_BOOL_CONVERSION = YES;
				CLANG_WARN_CONSTANT_CONVERSION = YES;
				CLANG_WARN_DIRECT_OBJC_ISA_USAGE = YES_ERROR;
				CLANG_WARN_EMPTY_BODY = YES;
				CLANG_WARN_ENUM_CONVERSION = YES;
				CLANG_WARN_INT_CONVERSION = YES;
				CLANG_WARN_OBJC_ROOT_CLASS = YES_ERROR;
				CLANG_WARN_UNREACHABLE_CODE = YES;
				CLANG_WARN__DUPLICATE_METHOD_MATCH = YES;
				"CODE_SIGN_IDENTITY[sdk=iphoneos*]" = "iPhone Developer";
				COPY_PHASE_STRIP = NO;
				DEBUG_INFORMATION_FORMAT = "dwarf-with-dsym";
				ENABLE_NS_ASSERTIONS = NO;
				ENABLE_STRICT_OBJC_MSGSEND = YES;
				GCC_C_LANGUAGE_STANDARD = gnu99;
				GCC_NO_COMMON_BLOCKS = YES;
				GCC_WARN_64_TO_32_BIT_CONVERSION = YES;
				GCC_WARN_ABOUT_RETURN_TYPE = YES_ERROR;
				GCC_WARN_UNDECLARED_SELECTOR = YES;
				GCC_WARN_UNINITIALIZED_AUTOS = YES_AGGRESSIVE;
				GCC_WARN_UNUSED_FUNCTION = YES;
				GCC_WARN_UNUSED_VARIABLE = YES;
				IPHONEOS_DEPLOYMENT_TARGET = 9.1;
				MTL_ENABLE_DEBUG_INFO = NO;
				SDKROOT = iphoneos;
				VALIDATE_PRODUCT = YES;
			};
			name = Release;
		};
		D25452DA1C0F402300D2AA1A /* Debug */ = {
			isa = XCBuildConfiguration;
			buildSettings = {
				ASSETCATALOG_COMPILER_APPICON_NAME = AppIcon;
				"CODE_SIGN_IDENTITY[sdk=iphoneos*]" = "iPhone Developer: Takeshi Kawai (MW87WM6F75)";
				ENABLE_BITCODE = YES;
				FRAMEWORK_SEARCH_PATHS = (
					"$(inherited)",
					"$(PROJECT_DIR)/Carthage/Build/iOS",
				);
				INFOPLIST_FILE = hellogreenhouse/Info.plist;
				LD_RUNPATH_SEARCH_PATHS = "$(inherited) @executable_path/Frameworks";
				PRODUCT_BUNDLE_IDENTIFIER = jp.lifelog.hellogreenhouse;
				PRODUCT_NAME = "$(TARGET_NAME)";
				PROVISIONING_PROFILE = "35daa484-cb26-4cc4-96df-e061e9abcd5f";
			};
			name = Debug;
		};
		D25452DB1C0F402300D2AA1A /* Release */ = {
			isa = XCBuildConfiguration;
			buildSettings = {
				ASSETCATALOG_COMPILER_APPICON_NAME = AppIcon;
				"CODE_SIGN_IDENTITY[sdk=iphoneos*]" = "iPhone Distribution: Takeshi Kawai (4B873Q67MK)";
				ENABLE_BITCODE = YES;
				FRAMEWORK_SEARCH_PATHS = (
					"$(inherited)",
					"$(PROJECT_DIR)/Carthage/Build/iOS",
				);
				INFOPLIST_FILE = hellogreenhouse/Info.plist;
				LD_RUNPATH_SEARCH_PATHS = "$(inherited) @executable_path/Frameworks";
				PRODUCT_BUNDLE_IDENTIFIER = jp.lifelog.hellogreenhouse;
				PRODUCT_NAME = "$(TARGET_NAME)";
				PROVISIONING_PROFILE = "ec52b775-429f-4104-acb9-61929ad564d1";
			};
			name = Release;
		};
/* End XCBuildConfiguration section */

/* Begin XCConfigurationList section */
		D25452C21C0F402300D2AA1A /* Build configuration list for PBXProject "hellogreenhouse" */ = {
			isa = XCConfigurationList;
			buildConfigurations = (
				D25452D71C0F402300D2AA1A /* Debug */,
				D25452D81C0F402300D2AA1A /* Release */,
			);
			defaultConfigurationIsVisible = 0;
			defaultConfigurationName = Release;
		};
		D25452D91C0F402300D2AA1A /* Build configuration list for PBXNativeTarget "hellogreenhouse" */ = {
			isa = XCConfigurationList;
			buildConfigurations = (
				D25452DA1C0F402300D2AA1A /* Debug */,
				D25452DB1C0F402300D2AA1A /* Release */,
			);
			defaultConfigurationIsVisible = 0;
			defaultConfigurationName = Release;
		};
/* End XCConfigurationList section */
	};
	rootObject = D25452BF1C0F402300D2AA1A /* Project object */;
}
